
Microsoft Visual Studio Solution File, Format Version 12.00
# Visual Studio Version 17
VisualStudioVersion = 17.0.31423.177
MinimumVisualStudioVersion = 10.0.40219.1
Project("{FAE04EC0-301F-11D3-BF4B-00C04F79EFBC}") = "Matrix", "Matrix\Matrix.csproj", "{81586291-3814-4AFF-BF63-CBF4082DDFC0}"
EndProject
Global
	GlobalSection(SolutionConfigurationPlatforms) = preSolution
		Debug|Any CPU = Debug|Any CPU
		Release|Any CPU = Release|Any CPU
	EndGlobalSection
	GlobalSection(ProjectConfigurationPlatforms) = postSolution
		{81586291-3814-4AFF-BF63-CBF4082DDFC0}.Debug|Any CPU.ActiveCfg = Debug|Any CPU
		{81586291-3814-4AFF-BF63-CBF4082DDFC0}.Debug|Any CPU.Build.0 = Debug|Any CPU
		{81586291-3814-4AFF-BF63-CBF4082DDFC0}.Release|Any CPU.ActiveCfg = Release|Any CPU
		{81586291-3814-4AFF-BF63-CBF4082DDFC0}.Release|Any CPU.Build.0 = Release|Any CPU
	EndGlobalSection
	GlobalSection(SolutionProperties) = preSolution
		HideSolutionNode = FALSE
	EndGlobalSection
	GlobalSection(ExtensibilityGlobals) = postSolution
		SolutionGuid = {6CC9B5B8-ACD3-4FC5-8758-FD8169AB1A8D}
	EndGlobalSection
EndGlobal
